
Microsoft Visual Studio Solution File, Format Version 12.00
# Visual Studio 15
VisualStudioVersion = 15.0.28307.136
MinimumVisualStudioVersion = 10.0.40219.1
Project("{FAE04EC0-301F-11D3-BF4B-00C04F79EFBC}") = "Benchmarks", "Benchmarks\Benchmarks.csproj", "{D86A1D88-734A-4460-B697-E12A4A11C9D3}"
EndProject
Project("{FAE04EC0-301F-11D3-BF4B-00C04F79EFBC}") = "Tests", "Tests\Tests.csproj", "{B3789A71-ABD4-4AF6-9C06-CFD6A7FF332F}"
EndProject
Global
	GlobalSection(SolutionConfigurationPlatforms) = preSolution
		Debug|Any CPU = Debug|Any CPU
		Release|Any CPU = Release|Any CPU
	EndGlobalSection
	GlobalSection(ProjectConfigurationPlatforms) = postSolution
		{D86A1D88-734A-4460-B697-E12A4A11C9D3}.Debug|Any CPU.ActiveCfg = Debug|Any CPU
		{D86A1D88-734A-4460-B697-E12A4A11C9D3}.Debug|Any CPU.Build.0 = Debug|Any CPU
		{D86A1D88-734A-4460-B697-E12A4A11C9D3}.Release|Any CPU.ActiveCfg = Release|Any CPU
		{D86A1D88-734A-4460-B697-E12A4A11C9D3}.Release|Any CPU.Build.0 = Release|Any CPU
		{B3789A71-ABD4-4AF6-9C06-CFD6A7FF332F}.Debug|Any CPU.ActiveCfg = Debug|Any CPU
		{B3789A71-ABD4-4AF6-9C06-CFD6A7FF332F}.Debug|Any CPU.Build.0 = Debug|Any CPU
		{B3789A71-ABD4-4AF6-9C06-CFD6A7FF332F}.Release|Any CPU.ActiveCfg = Release|Any CPU
		{B3789A71-ABD4-4AF6-9C06-CFD6A7FF332F}.Release|Any CPU.Build.0 = Release|Any CPU
	EndGlobalSection
	GlobalSection(SolutionProperties) = preSolution
		HideSolutionNode = FALSE
	EndGlobalSection
	GlobalSection(ExtensibilityGlobals) = postSolution
		SolutionGuid = {E8BA1BD2-E6AC-4F4F-9A81-8FF760C8925C}
	EndGlobalSection
EndGlobal
